PODS:
  - Kingfisher (4.2.0)
  - MintGridView (0.1.0):
    - Kingfisher (~> 4.2)
    - SwiftyJSON
  - SwiftyJSON (4.0.0)

DEPENDENCIES:
  - MintGridView (from `../`)
  - SwiftyJSON

EXTERNAL SOURCES:
  MintGridView:
    :path: ../

SPEC CHECKSUMS:
  Kingfisher: 9ee7e788d8ba07c3f21ce0d43f33cec310a4f781
  MintGridView: da4e19dc5dd9c8af7feebce7eb2a6b98c80d86cc
  SwiftyJSON: 070dabdcb1beb81b247c65ffa3a79dbbfb3b48aa

PODFILE CHECKSUM: 30d01cbcf4e7b47c410388a63d36ff15259d5b90

COCOAPODS: 1.3.0.beta.3
